
Microsoft Visual Studio Solution File, Format Version 12.00
# Visual Studio Version 17
VisualStudioVersion = 17.5.33516.290
MinimumVisualStudioVersion = 10.0.40219.1
Project("{FAE04EC0-301F-11D3-BF4B-00C04F79EFBC}") = "ElasticLoggingExample", "ElasticLoggingExample\ElasticLoggingExample.csproj", "{C558BE4D-135D-4497-8C28-4F5C300606F9}"
EndProject
Global
	GlobalSection(SolutionConfigurationPlatforms) = preSolution
		Debug|Any CPU = Debug|Any CPU
		Release|Any CPU = Release|Any CPU
	EndGlobalSection
	GlobalSection(ProjectConfigurationPlatforms) = postSolution
		{C558BE4D-135D-4497-8C28-4F5C300606F9}.Debug|Any CPU.ActiveCfg = Debug|Any CPU
		{C558BE4D-135D-4497-8C28-4F5C300606F9}.Debug|Any CPU.Build.0 = Debug|Any CPU
		{C558BE4D-135D-4497-8C28-4F5C300606F9}.Release|Any CPU.ActiveCfg = Release|Any CPU
		{C558BE4D-135D-4497-8C28-4F5C300606F9}.Release|Any CPU.Build.0 = Release|Any CPU
	EndGlobalSection
	GlobalSection(SolutionProperties) = preSolution
		HideSolutionNode = FALSE
	EndGlobalSection
	GlobalSection(ExtensibilityGlobals) = postSolution
		SolutionGuid = {3E19555E-1DF5-45EC-9B46-F0720C4C9FDD}
	EndGlobalSection
EndGlobal
